{
    "_readme": [
        "This file locks the dependencies of your project to a known state",
        "Read more about it at https://getcomposer.org/doc/01-basic-usage.md#composer-lock-the-lock-file",
        "This file is @generated automatically"
    ],
    "content-hash": "dee27b2630605a3fd18f262fe8ee9565",
    "packages": [
        {
            "name": "artack/dom-query",
            "version": "0.1.0",
            "source": {
                "type": "git",
                "url": "https://github.com/ARTACK/DOMQuery.git",
                "reference": "61037a0dc4636a131a07f45158668a2d0ea21598"
            },
            "dist": {
                "type": "zip",
                "url": "https://api.github.com/repos/ARTACK/DOMQuery/zipball/61037a0dc4636a131a07f45158668a2d0ea21598",
                "reference": "61037a0dc4636a131a07f45158668a2d0ea21598",
                "shasum": ""
            },
            "require": {
                "php": ">=5.3.6",
                "symfony/css-selector": "*"
            },
            "type": "library",
            "autoload": {
                "psr-0": {
                    "Artack\\DOMQuery\\": "src/"
                }
            },
            "notification-url": "https://packagist.org/downloads/",
            "authors": [
                {
                    "name": "David Maletta",
                    "email": "david.maletta@artack.ch"
                }
            ],
            "description": "DOMQuery is a PHP library that allows to easily traverse and modify the DOM",
            "keywords": [
                "dom",
                "modify",
                "traverse"
            ],
            "time": "2014-02-06T15:43:57+00:00"
        },
        {
            "name": "curl/curl",
            "version": "1.6.0",
            "source": {
                "type": "git",
                "url": "https://github.com/php-mod/curl.git",
                "reference": "213d0cc23a4a305f5d7a153d98f2db644a6ca909"
            },
            "dist": {
                "type": "zip",
                "url": "https://api.github.com/repos/php-mod/curl/zipball/213d0cc23a4a305f5d7a153d98f2db644a6ca909",
                "reference": "213d0cc23a4a305f5d7a153d98f2db644a6ca909",
                "shasum": ""
            },
            "require": {
                "ext-curl": "*",
                "php": ">=5.3.0"
            },
            "require-dev": {
                "phpunit/phpunit": "3.7.*",
                "squizlabs/php_codesniffer": "~2.1"
            },
            "type": "library",
            "autoload": {
                "psr-0": {
                    "Curl": "src/"
                }
            },
            "notification-url": "https://packagist.org/downloads/",
            "license": [
                "MIT"
            ],
            "authors": [
                {
                    "name": "Hassan Amouhzi",
                    "email": "hassan@anezi.net",
                    "homepage": "http://hassan.amouhzi.com"
                },
                {
                    "name": "php-curl-class",
                    "homepage": "https://github.com/php-curl-class"
                },
                {
                    "name": "user52",
                    "homepage": "https://github.com/user52"
                }
            ],
            "description": "cURL class for PHP",
            "homepage": "https://github.com/php-mod/curl",
            "keywords": [
                "curl",
                "dot"
            ],
            "time": "2017-01-13T18:26:02+00:00"
        },
        {
            "name": "gridonic/hapi",
            "version": "0.1",
            "source": {
                "type": "git",
                "url": "https://github.com/gridonic/hapi.git",
                "reference": "3d802e9b5ceeffb1af393cee4cb963b93280e78c"
            },
            "dist": {
                "type": "zip",
                "url": "https://api.github.com/repos/gridonic/hapi/zipball/3d802e9b5ceeffb1af393cee4cb963b93280e78c",
                "reference": "3d802e9b5ceeffb1af393cee4cb963b93280e78c",
                "shasum": ""
            },
            "require": {
                "php": ">=5.3.0"
            },
            "require-dev": {
                "phpunit/phpunit": "~4"
            },
            "type": "library",
            "autoload": {
                "psr-0": {
                    "Harvest": "src/"
                }
            },
            "notification-url": "https://packagist.org/downloads/",
            "license": [
                "GPL-3.0"
            ],
            "description": "PHP Wrapper Library for the Harvest API",
            "homepage": "http://github.com/gridonic/hapi",
            "keywords": [
                "Harvest",
                "api"
            ],
            "time": "2015-01-13T21:22:04+00:00"
        },
        {
            "name": "m1/env",
            "version": "2.1.0",
            "source": {
                "type": "git",
                "url": "https://github.com/m1/Env.git",
                "reference": "d87eddd031f2aa5450fa04bb1325de8a489b3cd0"
            },
            "dist": {
                "type": "zip",
                "url": "https://api.github.com/repos/m1/Env/zipball/d87eddd031f2aa5450fa04bb1325de8a489b3cd0",
                "reference": "d87eddd031f2aa5450fa04bb1325de8a489b3cd0",
                "shasum": ""
            },
            "require": {
                "php": ">=5.3.0"
            },
            "require-dev": {
                "phpunit/phpunit": "4.*",
                "scrutinizer/ocular": "~1.1",
                "squizlabs/php_codesniffer": "^2.3"
            },
            "suggest": {
                "josegonzalez/dotenv": "For loading of .env",
                "m1/vars": "For loading of configs"
            },
            "type": "library",
            "autoload": {
                "psr-4": {
                    "M1\\Env\\": "src"
                }
            },
            "notification-url": "https://packagist.org/downloads/",
            "license": [
                "MIT"
            ],
            "authors": [
                {
                    "name": "Miles Croxford",
                    "email": "hello@milescroxford.com",
                    "homepage": "http://milescroxford.com",
                    "role": "Developer"
                }
            ],
            "description": "Env is a lightweight library bringing .env file parser compatibility to PHP. In short - it enables you to read .env files with PHP.",
            "homepage": "https://github.com/m1/Env",
            "keywords": [
                ".env",
                "config",
                "dotenv",
                "env",
                "loader",
                "m1",
                "parser",
                "support"
            ],
            "time": "2016-10-06T19:31:28+00:00"
        },
        {
            "name": "symfony/css-selector",
            "version": "v2.8.18",
            "source": {
                "type": "git",
                "url": "https://github.com/symfony/css-selector.git",
                "reference": "742bd688bd778dde8991ba696cb372570610afcd"
            },
            "dist": {
                "type": "zip",
                "url": "https://api.github.com/repos/symfony/css-selector/zipball/742bd688bd778dde8991ba696cb372570610afcd",
                "reference": "742bd688bd778dde8991ba696cb372570610afcd",
                "shasum": ""
            },
            "require": {
                "php": ">=5.3.9"
            },
            "type": "library",
            "extra": {
                "branch-alias": {
                    "dev-master": "2.8-dev"
                }
            },
            "autoload": {
                "psr-4": {
                    "Symfony\\Component\\CssSelector\\": ""
                },
                "exclude-from-classmap": [
                    "/Tests/"
                ]
            },
            "notification-url": "https://packagist.org/downloads/",
            "license": [
                "MIT"
            ],
            "authors": [
                {
                    "name": "Jean-François Simon",
                    "email": "jeanfrancois.simon@sensiolabs.com"
                },
                {
                    "name": "Fabien Potencier",
                    "email": "fabien@symfony.com"
                },
                {
                    "name": "Symfony Community",
                    "homepage": "https://symfony.com/contributors"
                }
            ],
            "description": "Symfony CssSelector Component",
            "homepage": "https://symfony.com",
            "time": "2017-02-21T08:33:48+00:00"
        }
    ],
    "packages-dev": [],
    "aliases": [],
    "minimum-stability": "stable",
    "stability-flags": [],
    "prefer-stable": false,
    "prefer-lowest": false,
    "platform": [],
    "platform-dev": []
}
